Microsoft Visual Studio Solution File, Format Version 12.00
# Visual Studio 15
VisualStudioVersion = 15.0.26906.1
MinimumVisualStudioVersion = 15.0.26124.0
Project("{2150E333-8FDC-42A3-9474-1A3956D46DE8}") = "Services", "Services", "{8AD59A0B-BE21-4351-913E-2AD6FA00997A}"
EndProject
Project("{9A19103F-16F7-4668-BE54-9A1E7A4F7556}") = "Jobs.Api", "Services\Jobs.Api\Jobs.Api.csproj", "{3957D371-D8B9-4934-B5F2-D9396C334B53}"
EndProject
Project("{9A19103F-16F7-4668-BE54-9A1E7A4F7556}") = "Applicants.Api", "Services\Applicants.Api\Applicants.Api.csproj", "{76840075-AE2C-4C75-973E-F15BAE2E9F37}"
EndProject
Project("{9A19103F-16F7-4668-BE54-9A1E7A4F7556}") = "Web", "Web\Web.csproj", "{45783FD5-34AA-4580-82F3-734A559AC916}"
EndProject
Project("{9A19103F-16F7-4668-BE54-9A1E7A4F7556}") = "Http", "Foundation\Http\Http.csproj", "{05604D70-24F8-40AD-934D-CA500F9377F2}"
EndProject
Project("{2150E333-8FDC-42A3-9474-1A3956D46DE8}") = "Foundation", "Foundation", "{0FB1B357-0E1A-4351-BF85-DDE1A1359AE2}"
EndProject
Project("{2150E333-8FDC-42A3-9474-1A3956D46DE8}") = "Web", "Web", "{A79C663C-57A5-48B7-BF5B-2F5DDDBF866C}"
EndProject
Project("{9A19103F-16F7-4668-BE54-9A1E7A4F7556}") = "Identity.Api", "Services\Identity.Api\Identity.Api.csproj", "{91EBB73B-ABF1-41CB-8D39-A4E17AE32E2F}"
EndProject
Project("{FAE04EC0-301F-11D3-BF4B-00C04F79EFBC}") = "Events", "Foundation\Events\Events.csproj", "{939ABF9A-2C7E-4A2D-8C44-5BB6DA926C68}"
EndProject
Global
	GlobalSection(SolutionConfigurationPlatforms) = preSolution
		Debug|Any CPU = Debug|Any CPU
		Debug|x64 = Debug|x64
		Debug|x86 = Debug|x86
		Release|Any CPU = Release|Any CPU
		Release|x64 = Release|x64
		Release|x86 = Release|x86
	EndGlobalSection
	GlobalSection(ProjectConfigurationPlatforms) = postSolution
		{3957D371-D8B9-4934-B5F2-D9396C334B53}.Debug|Any CPU.ActiveCfg = Debug|Any CPU
		{3957D371-D8B9-4934-B5F2-D9396C334B53}.Debug|Any CPU.Build.0 = Debug|Any CPU
		{3957D371-D8B9-4934-B5F2-D9396C334B53}.Debug|x64.ActiveCfg = Debug|Any CPU
		{3957D371-D8B9-4934-B5F2-D9396C334B53}.Debug|x64.Build.0 = Debug|Any CPU
		{3957D371-D8B9-4934-B5F2-D9396C334B53}.Debug|x86.ActiveCfg = Debug|Any CPU
		{3957D371-D8B9-4934-B5F2-D9396C334B53}.Debug|x86.Build.0 = Debug|Any CPU
		{3957D371-D8B9-4934-B5F2-D9396C334B53}.Release|Any CPU.ActiveCfg = Release|Any CPU
		{3957D371-D8B9-4934-B5F2-D9396C334B53}.Release|Any CPU.Build.0 = Release|Any CPU
		{3957D371-D8B9-4934-B5F2-D9396C334B53}.Release|x64.ActiveCfg = Release|Any CPU
		{3957D371-D8B9-4934-B5F2-D9396C334B53}.Release|x64.Build.0 = Release|Any CPU
		{3957D371-D8B9-4934-B5F2-D9396C334B53}.Release|x86.ActiveCfg = Release|Any CPU
		{3957D371-D8B9-4934-B5F2-D9396C334B53}.Release|x86.Build.0 = Release|Any CPU
		{76840075-AE2C-4C75-973E-F15BAE2E9F37}.Debug|Any CPU.ActiveCfg = Debug|Any CPU
		{76840075-AE2C-4C75-973E-F15BAE2E9F37}.Debug|Any CPU.Build.0 = Debug|Any CPU
		{76840075-AE2C-4C75-973E-F15BAE2E9F37}.Debug|x64.ActiveCfg = Debug|Any CPU
		{76840075-AE2C-4C75-973E-F15BAE2E9F37}.Debug|x64.Build.0 = Debug|Any CPU
		{76840075-AE2C-4C75-973E-F15BAE2E9F37}.Debug|x86.ActiveCfg = Debug|Any CPU
		{76840075-AE2C-4C75-973E-F15BAE2E9F37}.Debug|x86.Build.0 = Debug|Any CPU
		{76840075-AE2C-4C75-973E-F15BAE2E9F37}.Release|Any CPU.ActiveCfg = Release|Any CPU
		{76840075-AE2C-4C75-973E-F15BAE2E9F37}.Release|Any CPU.Build.0 = Release|Any CPU
		{76840075-AE2C-4C75-973E-F15BAE2E9F37}.Release|x64.ActiveCfg = Release|Any CPU
		{76840075-AE2C-4C75-973E-F15BAE2E9F37}.Release|x64.Build.0 = Release|Any CPU
		{76840075-AE2C-4C75-973E-F15BAE2E9F37}.Release|x86.ActiveCfg = Release|Any CPU
		{76840075-AE2C-4C75-973E-F15BAE2E9F37}.Release|x86.Build.0 = Release|Any CPU
		{45783FD5-34AA-4580-82F3-734A559AC916}.Debug|Any CPU.ActiveCfg = Debug|Any CPU
		{45783FD5-34AA-4580-82F3-734A559AC916}.Debug|Any CPU.Build.0 = Debug|Any CPU
		{45783FD5-34AA-4580-82F3-734A559AC916}.Debug|x64.ActiveCfg = Debug|Any CPU
		{45783FD5-34AA-4580-82F3-734A559AC916}.Debug|x64.Build.0 = Debug|Any CPU
		{45783FD5-34AA-4580-82F3-734A559AC916}.Debug|x86.ActiveCfg = Debug|Any CPU
		{45783FD5-34AA-4580-82F3-734A559AC916}.Debug|x86.Build.0 = Debug|Any CPU
		{45783FD5-34AA-4580-82F3-734A559AC916}.Release|Any CPU.ActiveCfg = Release|Any CPU
		{45783FD5-34AA-4580-82F3-734A559AC916}.Release|Any CPU.Build.0 = Release|Any CPU
		{45783FD5-34AA-4580-82F3-734A559AC916}.Release|x64.ActiveCfg = Release|Any CPU
		{45783FD5-34AA-4580-82F3-734A559AC916}.Release|x64.Build.0 = Release|Any CPU
		{45783FD5-34AA-4580-82F3-734A559AC916}.Release|x86.ActiveCfg = Release|Any CPU
		{45783FD5-34AA-4580-82F3-734A559AC916}.Release|x86.Build.0 = Release|Any CPU
		{05604D70-24F8-40AD-934D-CA500F9377F2}.Debug|Any CPU.ActiveCfg = Debug|Any CPU
		{05604D70-24F8-40AD-934D-CA500F9377F2}.Debug|Any CPU.Build.0 = Debug|Any CPU
		{05604D70-24F8-40AD-934D-CA500F9377F2}.Debug|x64.ActiveCfg = Debug|Any CPU
		{05604D70-24F8-40AD-934D-CA500F9377F2}.Debug|x64.Build.0 = Debug|Any CPU
		{05604D70-24F8-40AD-934D-CA500F9377F2}.Debug|x86.ActiveCfg = Debug|Any CPU
		{05604D70-24F8-40AD-934D-CA500F9377F2}.Debug|x86.Build.0 = Debug|Any CPU
		{05604D70-24F8-40AD-934D-CA500F9377F2}.Release|Any CPU.ActiveCfg = Release|Any CPU
		{05604D70-24F8-40AD-934D-CA500F9377F2}.Release|Any CPU.Build.0 = Release|Any CPU
		{05604D70-24F8-40AD-934D-CA500F9377F2}.Release|x64.ActiveCfg = Release|Any CPU
		{05604D70-24F8-40AD-934D-CA500F9377F2}.Release|x64.Build.0 = Release|Any CPU
		{05604D70-24F8-40AD-934D-CA500F9377F2}.Release|x86.ActiveCfg = Release|Any CPU
		{05604D70-24F8-40AD-934D-CA500F9377F2}.Release|x86.Build.0 = Release|Any CPU
		{91EBB73B-ABF1-41CB-8D39-A4E17AE32E2F}.Debug|Any CPU.ActiveCfg = Debug|Any CPU
		{91EBB73B-ABF1-41CB-8D39-A4E17AE32E2F}.Debug|Any CPU.Build.0 = Debug|Any CPU
		{91EBB73B-ABF1-41CB-8D39-A4E17AE32E2F}.Debug|x64.ActiveCfg = Debug|Any CPU
		{91EBB73B-ABF1-41CB-8D39-A4E17AE32E2F}.Debug|x64.Build.0 = Debug|Any CPU
		{91EBB73B-ABF1-41CB-8D39-A4E17AE32E2F}.Debug|x86.ActiveCfg = Debug|Any CPU
		{91EBB73B-ABF1-41CB-8D39-A4E17AE32E2F}.Debug|x86.Build.0 = Debug|Any CPU
		{91EBB73B-ABF1-41CB-8D39-A4E17AE32E2F}.Release|Any CPU.ActiveCfg = Release|Any CPU
		{91EBB73B-ABF1-41CB-8D39-A4E17AE32E2F}.Release|Any CPU.Build.0 = Release|Any CPU
		{91EBB73B-ABF1-41CB-8D39-A4E17AE32E2F}.Release|x64.ActiveCfg = Release|Any CPU
		{91EBB73B-ABF1-41CB-8D39-A4E17AE32E2F}.Release|x64.Build.0 = Release|Any CPU
		{91EBB73B-ABF1-41CB-8D39-A4E17AE32E2F}.Release|x86.ActiveCfg = Release|Any CPU
		{91EBB73B-ABF1-41CB-8D39-A4E17AE32E2F}.Release|x86.Build.0 = Release|Any CPU
		{939ABF9A-2C7E-4A2D-8C44-5BB6DA926C68}.Debug|Any CPU.ActiveCfg = Debug|Any CPU
		{939ABF9A-2C7E-4A2D-8C44-5BB6DA926C68}.Debug|Any CPU.Build.0 = Debug|Any CPU
		{939ABF9A-2C7E-4A2D-8C44-5BB6DA926C68}.Debug|x64.ActiveCfg = Debug|Any CPU
		{939ABF9A-2C7E-4A2D-8C44-5BB6DA926C68}.Debug|x64.Build.0 = Debug|Any CPU
		{939ABF9A-2C7E-4A2D-8C44-5BB6DA926C68}.Debug|x86.ActiveCfg = Debug|Any CPU
		{939ABF9A-2C7E-4A2D-8C44-5BB6DA926C68}.Debug|x86.Build.0 = Debug|Any CPU
		{939ABF9A-2C7E-4A2D-8C44-5BB6DA926C68}.Release|Any CPU.ActiveCfg = Release|Any CPU
		{939ABF9A-2C7E-4A2D-8C44-5BB6DA926C68}.Release|Any CPU.Build.0 = Release|Any CPU
		{939ABF9A-2C7E-4A2D-8C44-5BB6DA926C68}.Release|x64.ActiveCfg = Release|Any CPU
		{939ABF9A-2C7E-4A2D-8C44-5BB6DA926C68}.Release|x64.Build.0 = Release|Any CPU
		{939ABF9A-2C7E-4A2D-8C44-5BB6DA926C68}.Release|x86.ActiveCfg = Release|Any CPU
		{939ABF9A-2C7E-4A2D-8C44-5BB6DA926C68}.Release|x86.Build.0 = Release|Any CPU
	EndGlobalSection
	GlobalSection(SolutionProperties) = preSolution
		HideSolutionNode = FALSE
	EndGlobalSection
	GlobalSection(NestedProjects) = preSolution
		{3957D371-D8B9-4934-B5F2-D9396C334B53} = {8AD59A0B-BE21-4351-913E-2AD6FA00997A}
		{76840075-AE2C-4C75-973E-F15BAE2E9F37} = {8AD59A0B-BE21-4351-913E-2AD6FA00997A}
		{45783FD5-34AA-4580-82F3-734A559AC916} = {A79C663C-57A5-48B7-BF5B-2F5DDDBF866C}
		{05604D70-24F8-40AD-934D-CA500F9377F2} = {0FB1B357-0E1A-4351-BF85-DDE1A1359AE2}
		{91EBB73B-ABF1-41CB-8D39-A4E17AE32E2F} = {8AD59A0B-BE21-4351-913E-2AD6FA00997A}
		{939ABF9A-2C7E-4A2D-8C44-5BB6DA926C68} = {0FB1B357-0E1A-4351-BF85-DDE1A1359AE2}
	EndGlobalSection
	GlobalSection(ExtensibilityGlobals) = postSolution
		SolutionGuid = {48BF9F0A-345E-4B8E-B455-D5D049B14AD3}
	EndGlobalSection
EndGlobal
